{
  "nodes": {
    "nixpkgs": {
      "locked": {
        "lastModified": 1750969886,
        "narHash": "sha256-zW/OFnotiz/ndPFdebpo3X0CrbVNf22n4DjN2vxlb58=",
        "owner": "NixOS",
        "repo": "nixpkgs",
        "rev": "a676066377a2fe7457369dd37c31fd2263b662f4",
        "type": "github"
      },
      "original": {
        "owner": "NixOS",
        "ref": "nixos-25.05",
        "repo": "nixpkgs",
        "type": "github"
      }
    },
    "pico-sdk": {
      "flake": false,
      "locked": {
        "lastModified": 1740004325,
        "narHash": "sha256-TiqpgwVNhPlONqJJo/8AQuIsjHiYT+II4n0b0/D76aw=",
        "owner": "raspberrypi",
        "repo": "pico-sdk",
        "rev": "ee68c78d0afae2b69c03ae1a72bf5cc267a2d94c",
        "type": "github"
      },
      "original": {
        "owner": "raspberrypi",
        "repo": "pico-sdk",
        "type": "github"
      }
    },
    "root": {
      "inputs": {
        "nixpkgs": "nixpkgs",
        "pico-sdk": "pico-sdk"
      }
    }
  },
  "root": "root",
  "version": 7
}
